
Microsoft Visual Studio Solution File, Format Version 12.00
# Visual Studio 15
VisualStudioVersion = 15.0.28307.1972
MinimumVisualStudioVersion = 10.0.40219.1
Project("{FAE04EC0-301F-11D3-BF4B-00C04F79EFBC}") = "GAIM", "GAIM\GAIM.csproj", "{B59F43BC-E3A6-4CA4-A120-AEB353AD313B}"
EndProject
Global
	GlobalSection(SolutionConfigurationPlatforms) = preSolution
		Debug|Any CPU = Debug|Any CPU
		Release|Any CPU = Release|Any CPU
	EndGlobalSection
	GlobalSection(ProjectConfigurationPlatforms) = postSolution
		{B59F43BC-E3A6-4CA4-A120-AEB353AD313B}.Debug|Any CPU.ActiveCfg = Debug|Any CPU
		{B59F43BC-E3A6-4CA4-A120-AEB353AD313B}.Debug|Any CPU.Build.0 = Debug|Any CPU
		{B59F43BC-E3A6-4CA4-A120-AEB353AD313B}.Release|Any CPU.ActiveCfg = Release|Any CPU
		{B59F43BC-E3A6-4CA4-A120-AEB353AD313B}.Release|Any CPU.Build.0 = Release|Any CPU
	EndGlobalSection
	GlobalSection(SolutionProperties) = preSolution
		HideSolutionNode = FALSE
	EndGlobalSection
	GlobalSection(ExtensibilityGlobals) = postSolution
		SolutionGuid = {45C970A7-EE20-4E9F-88D8-310D865E34E8}
	EndGlobalSection
EndGlobal
